// !$*UTF8*$!
{
	archiveVersion = 1;
	classes = {
	};
	objectVersion = 50;
	objects = {

/* Begin PBXBuildFile section */
		56CC5CB02396B8A300CF0A21 /* AppDelegate.swift in Sources */ = {isa = PBXBuildFile; fileRef = 56CC5CAF2396B8A300CF0A21 /* AppDelegate.swift */; };
		56CC5CB22396B8A300CF0A21 /* SceneDelegate.swift in Sources */ = {isa = PBXBuildFile; fileRef = 56CC5CB12396B8A300CF0A21 /* SceneDelegate.swift */; };
		56CC5CB42396B8A300CF0A21 /* ViewController.swift in Sources */ = {isa = PBXBuildFile; fileRef = 56CC5CB32396B8A300CF0A21 /* ViewController.swift */; };
		56CC5CB72396B8A300CF0A21 /* Main.storyboard in Resources */ = {isa = PBXBuildFile; fileRef = 56CC5CB52396B8A300CF0A21 /* Main.storyboard */; };
		56CC5CB92396B8A400CF0A21 /* Assets.xcassets in Resources */ = {isa = PBXBuildFile; fileRef = 56CC5CB82396B8A400CF0A21 /* Assets.xcassets */; };
		56CC5CBC2396B8A400CF0A21 /* LaunchScreen.storyboard in Resources */ = {isa = PBXBuildFile; fileRef = 56CC5CBA2396B8A400CF0A21 /* LaunchScreen.storyboard */; };
		56CC5CC52396BDA000CF0A21 /* profil-rodzina.storyboard in Resources */ = {isa = PBXBuildFile; fileRef = 56CC5CC32396BDA000CF0A21 /* profil-rodzina.storyboard */; };
		56CC5CC72396BDC900CF0A21 /* taches-rodzina.storyboard in Resources */ = {isa = PBXBuildFile; fileRef = 56CC5CC62396BDC900CF0A21 /* taches-rodzina.storyboard */; };
		56CC5CCA2396BDE700CF0A21 /* cadeaux-rodzina.storyboard in Resources */ = {isa = PBXBuildFile; fileRef = 56CC5CC82396BDE700CF0A21 /* cadeaux-rodzina.storyboard */; };
/* End PBXBuildFile section */

/* Begin PBXFileReference section */
		56CC5CAC2396B8A300CF0A21 /* rodzina-app.app */ = {isa = PBXFileReference; explicitFileType = wrapper.application; includeInIndex = 0; path = "rodzina-app.app"; sourceTree = BUILT_PRODUCTS_DIR; };
		56CC5CAF2396B8A300CF0A21 /* AppDelegate.swift */ = {isa = PBXFileReference; lastKnownFileType = sourcecode.swift; path = AppDelegate.swift; sourceTree = "<group>"; };
		56CC5CB12396B8A300CF0A21 /* SceneDelegate.swift */ = {isa = PBXFileReference; lastKnownFileType = sourcecode.swift; path = SceneDelegate.swift; sourceTree = "<group>"; };
		56CC5CB32396B8A300CF0A21 /* ViewController.swift */ = {isa = PBXFileReference; lastKnownFileType = sourcecode.swift; path = ViewController.swift; sourceTree = "<group>"; };
		56CC5CB62396B8A300CF0A21 /* Base */ = {isa = PBXFileReference; lastKnownFileType = file.storyboard; name = Base; path = Base.lproj/Main.storyboard; sourceTree = "<group>"; };
		56CC5CB82396B8A400CF0A21 /* Assets.xcassets */ = {isa = PBXFileReference; lastKnownFileType = folder.assetcatalog; path = Assets.xcassets; sourceTree = "<group>"; };
		56CC5CBB2396B8A400CF0A21 /* Base */ = {isa = PBXFileReference; lastKnownFileType = file.storyboard; name = Base; path = Base.lproj/LaunchScreen.storyboard; sourceTree = "<group>"; };
		56CC5CBD2396B8A400CF0A21 /* Info.plist */ = {isa = PBXFileReference; lastKnownFileType = text.plist.xml; path = Info.plist; sourceTree = "<group>"; };
		56CC5CC42396BDA000CF0A21 /* Base */ = {isa = PBXFileReference; lastKnownFileType = file.storyboard; name = Base; path = "rodzina-app/Base.lproj/profil-rodzina.storyboard"; sourceTree = "<group>"; };
		56CC5CC62396BDC900CF0A21 /* taches-rodzina.storyboard */ = {isa = PBXFileReference; fileEncoding = 4; lastKnownFileType = file.storyboard; path = "taches-rodzina.storyboard"; sourceTree = "<group>"; };
		56CC5CC92396BDE700CF0A21 /* Base */ = {isa = PBXFileReference; lastKnownFileType = file.storyboard; name = Base; path = "rodzina-app/Base.lproj/cadeaux-rodzina.storyboard"; sourceTree = "<group>"; };
/* End PBXFileReference section */

/* Begin PBXFrameworksBuildPhase section */
		56CC5CA92396B8A300CF0A21 /* Frameworks */ = {
			isa = PBXFrameworksBuildPhase;
			buildActionMask = 2147483647;
			files = (
			);
			runOnlyForDeploymentPostprocessing = 0;
		};
/* End PBXFrameworksBuildPhase section */

/* Begin PBXGroup section */
		56CC5CA32396B8A300CF0A21 = {
			isa = PBXGroup;
			children = (
				56CC5CAE2396B8A300CF0A21 /* rodzina-app */,
				56CC5CAD2396B8A300CF0A21 /* Products */,
			);
			sourceTree = "<group>";
		};
		56CC5CAD2396B8A300CF0A21 /* Products */ = {
			isa = PBXGroup;
			children = (
				56CC5CAC2396B8A300CF0A21 /* rodzina-app.app */,
			);
			name = Products;
			sourceTree = "<group>";
		};
		56CC5CAE2396B8A300CF0A21 /* rodzina-app */ = {
			isa = PBXGroup;
			children = (
				56CC5CC62396BDC900CF0A21 /* taches-rodzina.storyboard */,
				56CC5CC82396BDE700CF0A21 /* cadeaux-rodzina.storyboard */,
				56CC5CC32396BDA000CF0A21 /* profil-rodzina.storyboard */,
				56CC5CAF2396B8A300CF0A21 /* AppDelegate.swift */,
				56CC5CB12396B8A300CF0A21 /* SceneDelegate.swift */,
				56CC5CB32396B8A300CF0A21 /* ViewController.swift */,
				56CC5CB52396B8A300CF0A21 /* Main.storyboard */,
				56CC5CB82396B8A400CF0A21 /* Assets.xcassets */,
				56CC5CBA2396B8A400CF0A21 /* LaunchScreen.storyboard */,
				56CC5CBD2396B8A400CF0A21 /* Info.plist */,
			);
			path = "rodzina-app";
			sourceTree = "<group>";
		};
/* End PBXGroup section */

/* Begin PBXNativeTarget section */
		56CC5CAB2396B8A300CF0A21 /* rodzina-app */ = {
			isa = PBXNativeTarget;
			buildConfigurationList = 56CC5CC02396B8A400CF0A21 /* Build configuration list for PBXNativeTarget "rodzina-app" */;
			buildPhases = (
				56CC5CA82396B8A300CF0A21 /* Sources */,
				56CC5CA92396B8A300CF0A21 /* Frameworks */,
				56CC5CAA2396B8A300CF0A21 /* Resources */,
			);
			buildRules = (
			);
			dependencies = (
			);
			name = "rodzina-app";
			productName = "rodzina-app";
			productReference = 56CC5CAC2396B8A300CF0A21 /* rodzina-app.app */;
			productType = "com.apple.product-type.application";
		};
/* End PBXNativeTarget section */

/* Begin PBXProject section */
		56CC5CA42396B8A300CF0A21 /* Project object */ = {
			isa = PBXProject;
			attributes = {
				LastSwiftUpdateCheck = 1120;
				LastUpgradeCheck = 1120;
				ORGANIZATIONNAME = louniddam;
				TargetAttributes = {
					56CC5CAB2396B8A300CF0A21 = {
						CreatedOnToolsVersion = 11.2.1;
					};
				};
			};
			buildConfigurationList = 56CC5CA72396B8A300CF0A21 /* Build configuration list for PBXProject "rodzina-app" */;
			compatibilityVersion = "Xcode 9.3";
			developmentRegion = en;
			hasScannedForEncodings = 0;
			knownRegions = (
				en,
				Base,
			);
			mainGroup = 56CC5CA32396B8A300CF0A21;
			productRefGroup = 56CC5CAD2396B8A300CF0A21 /* Products */;
			projectDirPath = "";
			projectRoot = "";
			targets = (
				56CC5CAB2396B8A300CF0A21 /* rodzina-app */,
			);
		};
/* End PBXProject section */

/* Begin PBXResourcesBuildPhase section */
		56CC5CAA2396B8A300CF0A21 /* Resources */ = {
			isa = PBXResourcesBuildPhase;
			buildActionMask = 2147483647;
			files = (
				56CC5CC72396BDC900CF0A21 /* taches-rodzina.storyboard in Resources */,
				56CC5CC52396BDA000CF0A21 /* profil-rodzina.storyboard in Resources */,
				56CC5CCA2396BDE700CF0A21 /* cadeaux-rodzina.storyboard in Resources */,
				56CC5CBC2396B8A400CF0A21 /* LaunchScreen.storyboard in Resources */,
				56CC5CB92396B8A400CF0A21 /* Assets.xcassets in Resources */,
				56CC5CB72396B8A300CF0A21 /* Main.storyboard in Resources */,
			);
			runOnlyForDeploymentPostprocessing = 0;
		};
/* End PBXResourcesBuildPhase section */

/* Begin PBXSourcesBuildPhase section */
		56CC5CA82396B8A300CF0A21 /* Sources */ = {
			isa = PBXSourcesBuildPhase;
			buildActionMask = 2147483647;
			files = (
				56CC5CB42396B8A300CF0A21 /* ViewController.swift in Sources */,
				56CC5CB02396B8A300CF0A21 /* AppDelegate.swift in Sources */,
				56CC5CB22396B8A300CF0A21 /* SceneDelegate.swift in Sources */,
			);
			runOnlyForDeploymentPostprocessing = 0;
		};
/* End PBXSourcesBuildPhase section */

/* Begin PBXVariantGroup section */
		56CC5CB52396B8A300CF0A21 /* Main.storyboard */ = {
			isa = PBXVariantGroup;
			children = (
				56CC5CB62396B8A300CF0A21 /* Base */,
			);
			name = Main.storyboard;
			sourceTree = "<group>";
		};
		56CC5CBA2396B8A400CF0A21 /* LaunchScreen.storyboard */ = {
			isa = PBXVariantGroup;
			children = (
				56CC5CBB2396B8A400CF0A21 /* Base */,
			);
			name = LaunchScreen.storyboard;
			sourceTree = "<group>";
		};
		56CC5CC32396BDA000CF0A21 /* profil-rodzina.storyboard */ = {
			isa = PBXVariantGroup;
			children = (
				56CC5CC42396BDA000CF0A21 /* Base */,
			);
			name = "profil-rodzina.storyboard";
			sourceTree = "<group>";
		};
		56CC5CC82396BDE700CF0A21 /* cadeaux-rodzina.storyboard */ = {
			isa = PBXVariantGroup;
			children = (
				56CC5CC92396BDE700CF0A21 /* Base */,
			);
			name = "cadeaux-rodzina.storyboard";
			sourceTree = "<group>";
		};
/* End PBXVariantGroup section */

/* Begin XCBuildConfiguration section */
		56CC5CBE2396B8A400CF0A21 /* Debug */ = {
			isa = XCBuildConfiguration;
			buildSettings = {
				ALWAYS_SEARCH_USER_PATHS = NO;
				CLANG_ANALYZER_NONNULL = YES;
				CLANG_ANALYZER_NUMBER_OBJECT_CONVERSION = YES_AGGRESSIVE;
				CLANG_CXX_LANGUAGE_STANDARD = "gnu++14";
				CLANG_CXX_LIBRARY = "libc++";
				CLANG_ENABLE_MODULES = YES;
				CLANG_ENABLE_OBJC_ARC = YES;
				CLANG_ENABLE_OBJC_WEAK = YES;
				CLANG_WARN_BLOCK_CAPTURE_AUTORELEASING = YES;
				CLANG_WARN_BOOL_CONVERSION = YES;
				CLANG_WARN_COMMA = YES;
				CLANG_WARN_CONSTANT_CONVERSION = YES;
				CLANG_WARN_DEPRECATED_OBJC_IMPLEMENTATIONS = YES;
				CLANG_WARN_DIRECT_OBJC_ISA_USAGE = YES_ERROR;
				CLANG_WARN_DOCUMENTATION_COMMENTS = YES;
				CLANG_WARN_EMPTY_BODY = YES;
				CLANG_WARN_ENUM_CONVERSION = YES;
				CLANG_WARN_INFINITE_RECURSION = YES;
				CLANG_WARN_INT_CONVERSION = YES;
				CLANG_WARN_NON_LITERAL_NULL_CONVERSION = YES;
				CLANG_WARN_OBJC_IMPLICIT_RETAIN_SELF = YES;
				CLANG_WARN_OBJC_LITERAL_CONVERSION = YES;
				CLANG_WARN_OBJC_ROOT_CLASS = YES_ERROR;
				CLANG_WARN_RANGE_LOOP_ANALYSIS = YES;
				CLANG_WARN_STRICT_PROTOTYPES = YES;
				CLANG_WARN_SUSPICIOUS_MOVE = YES;
				CLANG_WARN_UNGUARDED_AVAILABILITY = YES_AGGRESSIVE;
				CLANG_WARN_UNREACHABLE_CODE = YES;
				CLANG_WARN__DUPLICATE_METHOD_MATCH = YES;
				COPY_PHASE_STRIP = NO;
				DEBUG_INFORMATION_FORMAT = dwarf;
				ENABLE_STRICT_OBJC_MSGSEND = YES;
				ENABLE_TESTABILITY = YES;
				GCC_C_LANGUAGE_STANDARD = gnu11;
				GCC_DYNAMIC_NO_PIC = NO;
				GCC_NO_COMMON_BLOCKS = YES;
				GCC_OPTIMIZATION_LEVEL = 0;
				GCC_PREPROCESSOR_DEFINITIONS = (
					"DEBUG=1",
					"$(inherited)",
				);
				GCC_WARN_64_TO_32_BIT_CONVERSION = YES;
				GCC_WARN_ABOUT_RETURN_TYPE = YES_ERROR;
				GCC_WARN_UNDECLARED_SELECTOR = YES;
				GCC_WARN_UNINITIALIZED_AUTOS = YES_AGGRESSIVE;
				GCC_WARN_UNUSED_FUNCTION = YES;
				GCC_WARN_UNUSED_VARIABLE = YES;
				IPHONEOS_DEPLOYMENT_TARGET = 13.2;
				MTL_ENABLE_DEBUG_INFO = INCLUDE_SOURCE;
				MTL_FAST_MATH = YES;
				ONLY_ACTIVE_ARCH = YES;
				SDKROOT = iphoneos;
				SWIFT_ACTIVE_COMPILATION_CONDITIONS = DEBUG;
				SWIFT_OPTIMIZATION_LEVEL = "-Onone";
			};
			name = Debug;
		};
		56CC5CBF2396B8A400CF0A21 /* Release */ = {
			isa = XCBuildConfiguration;
			buildSettings = {
				ALWAYS_SEARCH_USER_PATHS = NO;
				CLANG_ANALYZER_NONNULL = YES;
				CLANG_ANALYZER_NUMBER_OBJECT_CONVERSION = YES_AGGRESSIVE;
				CLANG_CXX_LANGUAGE_STANDARD = "gnu++14";
				CLANG_CXX_LIBRARY = "libc++";
				CLANG_ENABLE_MODULES = YES;
				CLANG_ENABLE_OBJC_ARC = YES;
				CLANG_ENABLE_OBJC_WEAK = YES;
				CLANG_WARN_BLOCK_CAPTURE_AUTORELEASING = YES;
				CLANG_WARN_BOOL_CONVERSION = YES;
				CLANG_WARN_COMMA = YES;
				CLANG_WARN_CONSTANT_CONVERSION = YES;
				CLANG_WARN_DEPRECATED_OBJC_IMPLEMENTATIONS = YES;
				CLANG_WARN_DIRECT_OBJC_ISA_USAGE = YES_ERROR;
				CLANG_WARN_DOCUMENTATION_COMMENTS = YES;
				CLANG_WARN_EMPTY_BODY = YES;
				CLANG_WARN_ENUM_CONVERSION = YES;
				CLANG_WARN_INFINITE_RECURSION = YES;
				CLANG_WARN_INT_CONVERSION = YES;
				CLANG_WARN_NON_LITERAL_NULL_CONVERSION = YES;
				CLANG_WARN_OBJC_IMPLICIT_RETAIN_SELF = YES;
				CLANG_WARN_OBJC_LITERAL_CONVERSION = YES;
				CLANG_WARN_OBJC_ROOT_CLASS = YES_ERROR;
				CLANG_WARN_RANGE_LOOP_ANALYSIS = YES;
				CLANG_WARN_STRICT_PROTOTYPES = YES;
				CLANG_WARN_SUSPICIOUS_MOVE = YES;
				CLANG_WARN_UNGUARDED_AVAILABILITY = YES_AGGRESSIVE;
				CLANG_WARN_UNREACHABLE_CODE = YES;
				CLANG_WARN__DUPLICATE_METHOD_MATCH = YES;
				COPY_PHASE_STRIP = NO;
				DEBUG_INFORMATION_FORMAT = "dwarf-with-dsym";
				ENABLE_NS_ASSERTIONS = NO;
				ENABLE_STRICT_OBJC_MSGSEND = YES;
				GCC_C_LANGUAGE_STANDARD = gnu11;
				GCC_NO_COMMON_BLOCKS = YES;
				GCC_WARN_64_TO_32_BIT_CONVERSION = YES;
				GCC_WARN_ABOUT_RETURN_TYPE = YES_ERROR;
				GCC_WARN_UNDECLARED_SELECTOR = YES;
				GCC_WARN_UNINITIALIZED_AUTOS = YES_AGGRESSIVE;
				GCC_WARN_UNUSED_FUNCTION = YES;
				GCC_WARN_UNUSED_VARIABLE = YES;
				IPHONEOS_DEPLOYMENT_TARGET = 13.2;
				MTL_ENABLE_DEBUG_INFO = NO;
				MTL_FAST_MATH = YES;
				SDKROOT = iphoneos;
				SWIFT_COMPILATION_MODE = wholemodule;
				SWIFT_OPTIMIZATION_LEVEL = "-O";
				VALIDATE_PRODUCT = YES;
			};
			name = Release;
		};
		56CC5CC12396B8A400CF0A21 /* Debug */ = {
			isa = XCBuildConfiguration;
			buildSettings = {
				ASSETCATALOG_COMPILER_APPICON_NAME = AppIcon;
				CODE_SIGN_STYLE = Automatic;
				INFOPLIST_FILE = "rodzina-app/Info.plist";
				LD_RUNPATH_SEARCH_PATHS = (
					"$(inherited)",
					"@executable_path/Frameworks",
				);
				PRODUCT_BUNDLE_IDENTIFIER = "simplon.Lou.rodzina-app";
				PRODUCT_NAME = "$(TARGET_NAME)";
				SWIFT_VERSION = 5.0;
				TARGETED_DEVICE_FAMILY = "1,2";
			};
			name = Debug;
		};
		56CC5CC22396B8A400CF0A21 /* Release */ = {
			isa = XCBuildConfiguration;
			buildSettings = {
				ASSETCATALOG_COMPILER_APPICON_NAME = AppIcon;
				CODE_SIGN_STYLE = Automatic;
				INFOPLIST_FILE = "rodzina-app/Info.plist";
				LD_RUNPATH_SEARCH_PATHS = (
					"$(inherited)",
					"@executable_path/Frameworks",
				);
				PRODUCT_BUNDLE_IDENTIFIER = "simplon.Lou.rodzina-app";
				PRODUCT_NAME = "$(TARGET_NAME)";
				SWIFT_VERSION = 5.0;
				TARGETED_DEVICE_FAMILY = "1,2";
			};
			name = Release;
		};
/* End XCBuildConfiguration section */

/* Begin XCConfigurationList section */
		56CC5CA72396B8A300CF0A21 /* Build configuration list for PBXProject "rodzina-app" */ = {
			isa = XCConfigurationList;
			buildConfigurations = (
				56CC5CBE2396B8A400CF0A21 /* Debug */,
				56CC5CBF2396B8A400CF0A21 /* Release */,
			);
			defaultConfigurationIsVisible = 0;
			defaultConfigurationName = Release;
		};
		56CC5CC02396B8A400CF0A21 /* Build configuration list for PBXNativeTarget "rodzina-app" */ = {
			isa = XCConfigurationList;
			buildConfigurations = (
				56CC5CC12396B8A400CF0A21 /* Debug */,
				56CC5CC22396B8A400CF0A21 /* Release */,
			);
			defaultConfigurationIsVisible = 0;
			defaultConfigurationName = Release;
		};
/* End XCConfigurationList section */
	};
	rootObject = 56CC5CA42396B8A300CF0A21 /* Project object */;
}
